// !$*UTF8*$!
{
	archiveVersion = 1;
	classes = {
	};
	objectVersion = 50;
	objects = {

/* Begin PBXBuildFile section */
		5438B87D24DC74CD0093193D /* UpdateList.swift in Sources */ = {isa = PBXBuildFile; fileRef = 5438B87C24DC74CD0093193D /* UpdateList.swift */; };
		5438B87F24DC792F0093193D /* UpdateDetail.swift in Sources */ = {isa = PBXBuildFile; fileRef = 5438B87E24DC792F0093193D /* UpdateDetail.swift */; };
		544AA3CE24DAD0EC0050BA79 /* MenuView.swift in Sources */ = {isa = PBXBuildFile; fileRef = 544AA3CD24DAD0EC0050BA79 /* MenuView.swift */; };
		548E257E24D9E1B100FD7934 /* AppDelegate.swift in Sources */ = {isa = PBXBuildFile; fileRef = 548E257D24D9E1B100FD7934 /* AppDelegate.swift */; };
		548E258024D9E1B100FD7934 /* SceneDelegate.swift in Sources */ = {isa = PBXBuildFile; fileRef = 548E257F24D9E1B100FD7934 /* SceneDelegate.swift */; };
		548E258224D9E1B100FD7934 /* ContentView.swift in Sources */ = {isa = PBXBuildFile; fileRef = 548E258124D9E1B100FD7934 /* ContentView.swift */; };
		548E258424D9E1B600FD7934 /* Assets.xcassets in Resources */ = {isa = PBXBuildFile; fileRef = 548E258324D9E1B600FD7934 /* Assets.xcassets */; };
		548E258724D9E1B600FD7934 /* Preview Assets.xcassets in Resources */ = {isa = PBXBuildFile; fileRef = 548E258624D9E1B600FD7934 /* Preview Assets.xcassets */; };
		548E258A24D9E1B600FD7934 /* LaunchScreen.storyboard in Resources */ = {isa = PBXBuildFile; fileRef = 548E258824D9E1B600FD7934 /* LaunchScreen.storyboard */; };
		54F50B0B24DC29010076EBA7 /* Home.swift in Sources */ = {isa = PBXBuildFile; fileRef = 54F50B0A24DC29010076EBA7 /* Home.swift */; };
		54F50B0D24DC32E70076EBA7 /* HomeView.swift in Sources */ = {isa = PBXBuildFile; fileRef = 54F50B0C24DC32E70076EBA7 /* HomeView.swift */; };
/* End PBXBuildFile section */

/* Begin PBXFileReference section */
		5438B87C24DC74CD0093193D /* UpdateList.swift */ = {isa = PBXFileReference; lastKnownFileType = sourcecode.swift; path = UpdateList.swift; sourceTree = "<group>"; };
		5438B87E24DC792F0093193D /* UpdateDetail.swift */ = {isa = PBXFileReference; lastKnownFileType = sourcecode.swift; path = UpdateDetail.swift; sourceTree = "<group>"; };
		544AA3CD24DAD0EC0050BA79 /* MenuView.swift */ = {isa = PBXFileReference; lastKnownFileType = sourcecode.swift; path = MenuView.swift; sourceTree = "<group>"; };
		548E257A24D9E1B100FD7934 /* FirstCourse.app */ = {isa = PBXFileReference; explicitFileType = wrapper.application; includeInIndex = 0; path = FirstCourse.app; sourceTree = BUILT_PRODUCTS_DIR; };
		548E257D24D9E1B100FD7934 /* AppDelegate.swift */ = {isa = PBXFileReference; lastKnownFileType = sourcecode.swift; path = AppDelegate.swift; sourceTree = "<group>"; };
		548E257F24D9E1B100FD7934 /* SceneDelegate.swift */ = {isa = PBXFileReference; lastKnownFileType = sourcecode.swift; path = SceneDelegate.swift; sourceTree = "<group>"; };
		548E258124D9E1B100FD7934 /* ContentView.swift */ = {isa = PBXFileReference; lastKnownFileType = sourcecode.swift; path = ContentView.swift; sourceTree = "<group>"; };
		548E258324D9E1B600FD7934 /* Assets.xcassets */ = {isa = PBXFileReference; lastKnownFileType = folder.assetcatalog; path = Assets.xcassets; sourceTree = "<group>"; };
		548E258624D9E1B600FD7934 /* Preview Assets.xcassets */ = {isa = PBXFileReference; lastKnownFileType = folder.assetcatalog; path = "Preview Assets.xcassets"; sourceTree = "<group>"; };
		548E258924D9E1B600FD7934 /* Base */ = {isa = PBXFileReference; lastKnownFileType = file.storyboard; name = Base; path = Base.lproj/LaunchScreen.storyboard; sourceTree = "<group>"; };
		548E258B24D9E1B600FD7934 /* Info.plist */ = {isa = PBXFileReference; lastKnownFileType = text.plist.xml; path = Info.plist; sourceTree = "<group>"; };
		54F50B0A24DC29010076EBA7 /* Home.swift */ = {isa = PBXFileReference; lastKnownFileType = sourcecode.swift; path = Home.swift; sourceTree = "<group>"; };
		54F50B0C24DC32E70076EBA7 /* HomeView.swift */ = {isa = PBXFileReference; lastKnownFileType = sourcecode.swift; path = HomeView.swift; sourceTree = "<group>"; };
/* End PBXFileReference section */

/* Begin PBXFrameworksBuildPhase section */
		548E257724D9E1B100FD7934 /* Frameworks */ = {
			isa = PBXFrameworksBuildPhase;
			buildActionMask = 2147483647;
			files = (
			);
			runOnlyForDeploymentPostprocessing = 0;
		};
/* End PBXFrameworksBuildPhase section */

/* Begin PBXGroup section */
		548E257124D9E1B100FD7934 = {
			isa = PBXGroup;
			children = (
				548E257C24D9E1B100FD7934 /* FirstCourse */,
			);
			sourceTree = "<group>";
		};
		548E257B24D9E1B100FD7934 /* Products */ = {
			isa = PBXGroup;
			children = (
				548E257A24D9E1B100FD7934 /* FirstCourse.app */,
			);
			name = Products;
			path = ..;
			sourceTree = "<group>";
		};
		548E257C24D9E1B100FD7934 /* FirstCourse */ = {
			isa = PBXGroup;
			children = (
				548E257D24D9E1B100FD7934 /* AppDelegate.swift */,
				548E257F24D9E1B100FD7934 /* SceneDelegate.swift */,
				548E258124D9E1B100FD7934 /* ContentView.swift */,
				544AA3CD24DAD0EC0050BA79 /* MenuView.swift */,
				54F50B0A24DC29010076EBA7 /* Home.swift */,
				54F50B0C24DC32E70076EBA7 /* HomeView.swift */,
				5438B87C24DC74CD0093193D /* UpdateList.swift */,
				5438B87E24DC792F0093193D /* UpdateDetail.swift */,
				548E257B24D9E1B100FD7934 /* Products */,
				548E258324D9E1B600FD7934 /* Assets.xcassets */,
				548E258824D9E1B600FD7934 /* LaunchScreen.storyboard */,
				548E258B24D9E1B600FD7934 /* Info.plist */,
				548E258524D9E1B600FD7934 /* Preview Content */,
			);
			path = FirstCourse;
			sourceTree = "<group>";
		};
		548E258524D9E1B600FD7934 /* Preview Content */ = {
			isa = PBXGroup;
			children = (
				548E258624D9E1B600FD7934 /* Preview Assets.xcassets */,
			);
			path = "Preview Content";
			sourceTree = "<group>";
		};
/* End PBXGroup section */

/* Begin PBXNativeTarget section */
		548E257924D9E1B100FD7934 /* FirstCourse */ = {
			isa = PBXNativeTarget;
			buildConfigurationList = 548E258E24D9E1B600FD7934 /* Build configuration list for PBXNativeTarget "FirstCourse" */;
			buildPhases = (
				548E257624D9E1B100FD7934 /* Sources */,
				548E257724D9E1B100FD7934 /* Frameworks */,
				548E257824D9E1B100FD7934 /* Resources */,
			);
			buildRules = (
			);
			dependencies = (
			);
			name = FirstCourse;
			productName = FirstCourse;
			productReference = 548E257A24D9E1B100FD7934 /* FirstCourse.app */;
			productType = "com.apple.product-type.application";
		};
/* End PBXNativeTarget section */

/* Begin PBXProject section */
		548E257224D9E1B100FD7934 /* Project object */ = {
			isa = PBXProject;
			attributes = {
				LastSwiftUpdateCheck = 1160;
				LastUpgradeCheck = 1160;
				ORGANIZATIONNAME = Kadir;
				TargetAttributes = {
					548E257924D9E1B100FD7934 = {
						CreatedOnToolsVersion = 11.6;
					};
				};
			};
			buildConfigurationList = 548E257524D9E1B100FD7934 /* Build configuration list for PBXProject "FirstCourse" */;
			compatibilityVersion = "Xcode 9.3";
			developmentRegion = en;
			hasScannedForEncodings = 0;
			knownRegions = (
				en,
				Base,
			);
			mainGroup = 548E257124D9E1B100FD7934;
			productRefGroup = 548E257B24D9E1B100FD7934 /* Products */;
			projectDirPath = "";
			projectRoot = "";
			targets = (
				548E257924D9E1B100FD7934 /* FirstCourse */,
			);
		};
/* End PBXProject section */

/* Begin PBXResourcesBuildPhase section */
		548E257824D9E1B100FD7934 /* Resources */ = {
			isa = PBXResourcesBuildPhase;
			buildActionMask = 2147483647;
			files = (
				548E258A24D9E1B600FD7934 /* LaunchScreen.storyboard in Resources */,
				548E258724D9E1B600FD7934 /* Preview Assets.xcassets in Resources */,
				548E258424D9E1B600FD7934 /* Assets.xcassets in Resources */,
			);
			runOnlyForDeploymentPostprocessing = 0;
		};
/* End PBXResourcesBuildPhase section */

/* Begin PBXSourcesBuildPhase section */
		548E257624D9E1B100FD7934 /* Sources */ = {
			isa = PBXSourcesBuildPhase;
			buildActionMask = 2147483647;
			files = (
				548E257E24D9E1B100FD7934 /* AppDelegate.swift in Sources */,
				5438B87D24DC74CD0093193D /* UpdateList.swift in Sources */,
				544AA3CE24DAD0EC0050BA79 /* MenuView.swift in Sources */,
				5438B87F24DC792F0093193D /* UpdateDetail.swift in Sources */,
				54F50B0B24DC29010076EBA7 /* Home.swift in Sources */,
				54F50B0D24DC32E70076EBA7 /* HomeView.swift in Sources */,
				548E258024D9E1B100FD7934 /* SceneDelegate.swift in Sources */,
				548E258224D9E1B100FD7934 /* ContentView.swift in Sources */,
			);
			runOnlyForDeploymentPostprocessing = 0;
		};
/* End PBXSourcesBuildPhase section */

/* Begin PBXVariantGroup section */
		548E258824D9E1B600FD7934 /* LaunchScreen.storyboard */ = {
			isa = PBXVariantGroup;
			children = (
				548E258924D9E1B600FD7934 /* Base */,
			);
			name = LaunchScreen.storyboard;
			sourceTree = "<group>";
		};
/* End PBXVariantGroup section */

/* Begin XCBuildConfiguration section */
		548E258C24D9E1B600FD7934 /* Debug */ = {
			isa = XCBuildConfiguration;
			buildSettings = {
				ALWAYS_SEARCH_USER_PATHS = NO;
				CLANG_ANALYZER_NONNULL = YES;
				CLANG_ANALYZER_NUMBER_OBJECT_CONVERSION = YES_AGGRESSIVE;
				CLANG_CXX_LANGUAGE_STANDARD = "gnu++14";
				CLANG_CXX_LIBRARY = "libc++";
				CLANG_ENABLE_MODULES = YES;
				CLANG_ENABLE_OBJC_ARC = YES;
				CLANG_ENABLE_OBJC_WEAK = YES;
				CLANG_WARN_BLOCK_CAPTURE_AUTORELEASING = YES;
				CLANG_WARN_BOOL_CONVERSION = YES;
				CLANG_WARN_COMMA = YES;
				CLANG_WARN_CONSTANT_CONVERSION = YES;
				CLANG_WARN_DEPRECATED_OBJC_IMPLEMENTATIONS = YES;
				CLANG_WARN_DIRECT_OBJC_ISA_USAGE = YES_ERROR;
				CLANG_WARN_DOCUMENTATION_COMMENTS = YES;
				CLANG_WARN_EMPTY_BODY = YES;
				CLANG_WARN_ENUM_CONVERSION = YES;
				CLANG_WARN_INFINITE_RECURSION = YES;
				CLANG_WARN_INT_CONVERSION = YES;
				CLANG_WARN_NON_LITERAL_NULL_CONVERSION = YES;
				CLANG_WARN_OBJC_IMPLICIT_RETAIN_SELF = YES;
				CLANG_WARN_OBJC_LITERAL_CONVERSION = YES;
				CLANG_WARN_OBJC_ROOT_CLASS = YES_ERROR;
				CLANG_WARN_RANGE_LOOP_ANALYSIS = YES;
				CLANG_WARN_STRICT_PROTOTYPES = YES;
				CLANG_WARN_SUSPICIOUS_MOVE = YES;
				CLANG_WARN_UNGUARDED_AVAILABILITY = YES_AGGRESSIVE;
				CLANG_WARN_UNREACHABLE_CODE = YES;
				CLANG_WARN__DUPLICATE_METHOD_MATCH = YES;
				COPY_PHASE_STRIP = NO;
				DEBUG_INFORMATION_FORMAT = dwarf;
				ENABLE_STRICT_OBJC_MSGSEND = YES;
				ENABLE_TESTABILITY = YES;
				GCC_C_LANGUAGE_STANDARD = gnu11;
				GCC_DYNAMIC_NO_PIC = NO;
				GCC_NO_COMMON_BLOCKS = YES;
				GCC_OPTIMIZATION_LEVEL = 0;
				GCC_PREPROCESSOR_DEFINITIONS = (
					"DEBUG=1",
					"$(inherited)",
				);
				GCC_WARN_64_TO_32_BIT_CONVERSION = YES;
				GCC_WARN_ABOUT_RETURN_TYPE = YES_ERROR;
				GCC_WARN_UNDECLARED_SELECTOR = YES;
				GCC_WARN_UNINITIALIZED_AUTOS = YES_AGGRESSIVE;
				GCC_WARN_UNUSED_FUNCTION = YES;
				GCC_WARN_UNUSED_VARIABLE = YES;
				IPHONEOS_DEPLOYMENT_TARGET = 13.6;
				MTL_ENABLE_DEBUG_INFO = INCLUDE_SOURCE;
				MTL_FAST_MATH = YES;
				ONLY_ACTIVE_ARCH = YES;
				SDKROOT = iphoneos;
				SWIFT_ACTIVE_COMPILATION_CONDITIONS = DEBUG;
				SWIFT_OPTIMIZATION_LEVEL = "-Onone";
			};
			name = Debug;
		};
		548E258D24D9E1B600FD7934 /* Release */ = {
			isa = XCBuildConfiguration;
			buildSettings = {
				ALWAYS_SEARCH_USER_PATHS = NO;
				CLANG_ANALYZER_NONNULL = YES;
				CLANG_ANALYZER_NUMBER_OBJECT_CONVERSION = YES_AGGRESSIVE;
				CLANG_CXX_LANGUAGE_STANDARD = "gnu++14";
				CLANG_CXX_LIBRARY = "libc++";
				CLANG_ENABLE_MODULES = YES;
				CLANG_ENABLE_OBJC_ARC = YES;
				CLANG_ENABLE_OBJC_WEAK = YES;
				CLANG_WARN_BLOCK_CAPTURE_AUTORELEASING = YES;
				CLANG_WARN_BOOL_CONVERSION = YES;
				CLANG_WARN_COMMA = YES;
				CLANG_WARN_CONSTANT_CONVERSION = YES;
				CLANG_WARN_DEPRECATED_OBJC_IMPLEMENTATIONS = YES;
				CLANG_WARN_DIRECT_OBJC_ISA_USAGE = YES_ERROR;
				CLANG_WARN_DOCUMENTATION_COMMENTS = YES;
				CLANG_WARN_EMPTY_BODY = YES;
				CLANG_WARN_ENUM_CONVERSION = YES;
				CLANG_WARN_INFINITE_RECURSION = YES;
				CLANG_WARN_INT_CONVERSION = YES;
				CLANG_WARN_NON_LITERAL_NULL_CONVERSION = YES;
				CLANG_WARN_OBJC_IMPLICIT_RETAIN_SELF = YES;
				CLANG_WARN_OBJC_LITERAL_CONVERSION = YES;
				CLANG_WARN_OBJC_ROOT_CLASS = YES_ERROR;
				CLANG_WARN_RANGE_LOOP_ANALYSIS = YES;
				CLANG_WARN_STRICT_PROTOTYPES = YES;
				CLANG_WARN_SUSPICIOUS_MOVE = YES;
				CLANG_WARN_UNGUARDED_AVAILABILITY = YES_AGGRESSIVE;
				CLANG_WARN_UNREACHABLE_CODE = YES;
				CLANG_WARN__DUPLICATE_METHOD_MATCH = YES;
				COPY_PHASE_STRIP = NO;
				DEBUG_INFORMATION_FORMAT = "dwarf-with-dsym";
				ENABLE_NS_ASSERTIONS = NO;
				ENABLE_STRICT_OBJC_MSGSEND = YES;
				GCC_C_LANGUAGE_STANDARD = gnu11;
				GCC_NO_COMMON_BLOCKS = YES;
				GCC_WARN_64_TO_32_BIT_CONVERSION = YES;
				GCC_WARN_ABOUT_RETURN_TYPE = YES_ERROR;
				GCC_WARN_UNDECLARED_SELECTOR = YES;
				GCC_WARN_UNINITIALIZED_AUTOS = YES_AGGRESSIVE;
				GCC_WARN_UNUSED_FUNCTION = YES;
				GCC_WARN_UNUSED_VARIABLE = YES;
				IPHONEOS_DEPLOYMENT_TARGET = 13.6;
				MTL_ENABLE_DEBUG_INFO = NO;
				MTL_FAST_MATH = YES;
				SDKROOT = iphoneos;
				SWIFT_COMPILATION_MODE = wholemodule;
				SWIFT_OPTIMIZATION_LEVEL = "-O";
				VALIDATE_PRODUCT = YES;
			};
			name = Release;
		};
		548E258F24D9E1B600FD7934 /* Debug */ = {
			isa = XCBuildConfiguration;
			buildSettings = {
				ASSETCATALOG_COMPILER_APPICON_NAME = AppIcon;
				CODE_SIGN_STYLE = Automatic;
				DEVELOPMENT_ASSET_PATHS = "\"FirstCourse/Preview Content\"";
				DEVELOPMENT_TEAM = WTTJUAT5Q9;
				ENABLE_PREVIEWS = YES;
				INFOPLIST_FILE = FirstCourse/Info.plist;
				LD_RUNPATH_SEARCH_PATHS = (
					"$(inherited)",
					"@executable_path/Frameworks",
				);
				PRODUCT_BUNDLE_IDENTIFIER = com.kadirince.FirstCourse;
				PRODUCT_NAME = "$(TARGET_NAME)";
				SWIFT_VERSION = 5.0;
				TARGETED_DEVICE_FAMILY = "1,2";
			};
			name = Debug;
		};
		548E259024D9E1B600FD7934 /* Release */ = {
			isa = XCBuildConfiguration;
			buildSettings = {
				ASSETCATALOG_COMPILER_APPICON_NAME = AppIcon;
				CODE_SIGN_STYLE = Automatic;
				DEVELOPMENT_ASSET_PATHS = "\"FirstCourse/Preview Content\"";
				DEVELOPMENT_TEAM = WTTJUAT5Q9;
				ENABLE_PREVIEWS = YES;
				INFOPLIST_FILE = FirstCourse/Info.plist;
				LD_RUNPATH_SEARCH_PATHS = (
					"$(inherited)",
					"@executable_path/Frameworks",
				);
				PRODUCT_BUNDLE_IDENTIFIER = com.kadirince.FirstCourse;
				PRODUCT_NAME = "$(TARGET_NAME)";
				SWIFT_VERSION = 5.0;
				TARGETED_DEVICE_FAMILY = "1,2";
			};
			name = Release;
		};
/* End XCBuildConfiguration section */

/* Begin XCConfigurationList section */
		548E257524D9E1B100FD7934 /* Build configuration list for PBXProject "FirstCourse" */ = {
			isa = XCConfigurationList;
			buildConfigurations = (
				548E258C24D9E1B600FD7934 /* Debug */,
				548E258D24D9E1B600FD7934 /* Release */,
			);
			defaultConfigurationIsVisible = 0;
			defaultConfigurationName = Release;
		};
		548E258E24D9E1B600FD7934 /* Build configuration list for PBXNativeTarget "FirstCourse" */ = {
			isa = XCConfigurationList;
			buildConfigurations = (
				548E258F24D9E1B600FD7934 /* Debug */,
				548E259024D9E1B600FD7934 /* Release */,
			);
			defaultConfigurationIsVisible = 0;
			defaultConfigurationName = Release;
		};
/* End XCConfigurationList section */
	};
	rootObject = 548E257224D9E1B100FD7934 /* Project object */;
}
